Microsoft Visual Studio Solution File, Format Version 12.00
# Visual Studio Version 17
VisualStudioVersion = 17.5.2.0
MinimumVisualStudioVersion = 10.0.40219.1
Project("{FAE04EC0-301F-11D3-BF4B-00C04F79EFBC}") = "CameraBE", "CameraBE.csproj", "{8F926AE5-E982-74F1-B546-1780F031181D}"
EndProject
Global
	GlobalSection(SolutionConfigurationPlatforms) = preSolution
		Debug|Any CPU = Debug|Any CPU
		Release|Any CPU = Release|Any CPU
	EndGlobalSection
	GlobalSection(ProjectConfigurationPlatforms) = postSolution
		{8F926AE5-E982-74F1-B546-1780F031181D}.Debug|Any CPU.ActiveCfg = Debug|Any CPU
		{8F926AE5-E982-74F1-B546-1780F031181D}.Debug|Any CPU.Build.0 = Debug|Any CPU
		{8F926AE5-E982-74F1-B546-1780F031181D}.Release|Any CPU.ActiveCfg = Release|Any CPU
		{8F926AE5-E982-74F1-B546-1780F031181D}.Release|Any CPU.Build.0 = Release|Any CPU
	EndGlobalSection
	GlobalSection(SolutionProperties) = preSolution
		HideSolutionNode = FALSE
	EndGlobalSection
	GlobalSection(ExtensibilityGlobals) = postSolution
		SolutionGuid = {D6227B05-3E5C-4539-ADCD-4335486C5946}
	EndGlobalSection
EndGlobal
